{
  "version": 4,
  "terraform_version": "1.0.10",
  "serial": 21,
  "lineage": "b5d05614-577e-b12b-47b0-e0786c515b93",
  "outputs": {},
  "resources": [
    {
      "module": "module.aws-eks",
      "mode": "data",
      "type": "aws_ami",
      "name": "amazon_linux_2",
      "provider": "provider[\"registry.terraform.io/hashicorp/aws\"]",
      "instances": [
        {
          "schema_version": 0,
          "attributes": {
            "architecture": "x86_64",
            "arn": "arn:aws:ec2:eu-central-1::image/ami-030e490c34394591b",
            "block_device_mappings": [
              {
                "device_name": "/dev/xvda",
                "ebs": {
                  "delete_on_termination": "true",
                  "encrypted": "false",
                  "iops": "0",
                  "snapshot_id": "snap-05beae04ef65fcf6f",
                  "throughput": "0",
                  "volume_size": "8",
                  "volume_type": "gp2"
                },
                "no_device": "",
                "virtual_name": ""
              }
            ],
            "creation_date": "2021-11-09T04:50:56.000Z",
            "description": "Amazon Linux 2 AMI 2.0.20211103.0 x86_64 HVM gp2",
            "ena_support": true,
            "executable_users": null,
            "filter": [
              {
                "name": "name",
                "values": [
                  "amzn2-ami-hvm-*-x86_64-gp2"
                ]
              },
              {
                "name": "owner-alias",
                "values": [
                  "amazon"
                ]
              }
            ],
            "hypervisor": "xen",
            "id": "ami-030e490c34394591b",
            "image_id": "ami-030e490c34394591b",
            "image_location": "amazon/amzn2-ami-hvm-2.0.20211103.0-x86_64-gp2",
            "image_owner_alias": "amazon",
            "image_type": "machine",
            "kernel_id": null,
            "most_recent": true,
            "name": "amzn2-ami-hvm-2.0.20211103.0-x86_64-gp2",
            "name_regex": null,
            "owner_id": "137112412989",
            "owners": [
              "amazon"
            ],
            "platform": null,
            "platform_details": "Linux/UNIX",
            "product_codes": [],
            "public": true,
            "ramdisk_id": null,
            "root_device_name": "/dev/xvda",
            "root_device_type": "ebs",
            "root_snapshot_id": "snap-05beae04ef65fcf6f",
            "sriov_net_support": "simple",
            "state": "available",
            "state_reason": {
              "code": "UNSET",
              "message": "UNSET"
            },
            "tags": {},
            "usage_operation": "RunInstances",
            "virtualization_type": "hvm"
          },
          "sensitive_attributes": []
        }
      ]
    },
    {
      "module": "module.aws-eks",
      "mode": "data",
      "type": "aws_vpc",
      "name": "default",
      "provider": "provider[\"registry.terraform.io/hashicorp/aws\"]",
      "instances": [
        {
          "schema_version": 0,
          "attributes": {
            "arn": "arn:aws:ec2:eu-central-1:632264215449:vpc/vpc-f0995498",
            "cidr_block": "172.31.0.0/16",
            "cidr_block_associations": [
              {
                "association_id": "vpc-cidr-assoc-891be9e0",
                "cidr_block": "172.31.0.0/16",
                "state": "associated"
              }
            ],
            "default": true,
            "dhcp_options_id": "dopt-803722e9",
            "enable_dns_hostnames": true,
            "enable_dns_support": true,
            "filter": null,
            "id": "vpc-f0995498",
            "instance_tenancy": "default",
            "ipv6_association_id": null,
            "ipv6_cidr_block": null,
            "main_route_table_id": "rtb-cf0ea7a7",
            "owner_id": "632264215449",
            "state": "available",
            "tags": {}
          },
          "sensitive_attributes": []
        }
      ]
    },
    {
      "module": "module.aws-eks",
      "mode": "managed",
      "type": "aws_key_pair",
      "name": "access_key",
      "provider": "provider[\"registry.terraform.io/hashicorp/aws\"]",
      "instances": [
        {
          "schema_version": 1,
          "attributes": {
            "arn": "arn:aws:ec2:eu-central-1:632264215449:key-pair/zsapkagy-ec2-key",
            "fingerprint": "86:73:16:84:01:9d:be:39:da:8f:e9:20:e1:c5:2c:1c",
            "id": "zsapkagy-ec2-key",
            "key_name": "zsapkagy-ec2-key",
            "key_name_prefix": null,
            "key_pair_id": "key-047e4b321f53e660d",
            "public_key": "ssh-rsa AAAAB3NzaC1yc2EAAAADAQABAAABAQCjB9bqLbkgFkwZVTQK3/TGMWa/v8mKdmExWgXFYdfjSr/1kpo6W39hUEIrxwE4aGa0/sxtdctdQ7xwJIuD/m4CHqp/0OdWaWCuR0lkc5Z6VZAcB3tviqSRamD2qBbYLb5XdFwMlFpCO+H8lNeQzhQ0iS+OvsGaHmsV0XJor+dHeSD100MHUIbkBY/JiKYqUKfMDoG08M720d9TMyrqORTCHE5qFdTDhJS5KlKtmD2U/p7rJb4jfCq1+wP0IRAqXOiLg4UfH5aFosP4BBKKZBNtS17Ug5JTyPBd2CmGw3g3qF7rKbhlTeljXyQDKA01bVlnDKUnj09fcXos17j/pqyH",
            "tags": null,
            "tags_all": {}
          },
          "sensitive_attributes": [],
          "private": "eyJzY2hlbWFfdmVyc2lvbiI6IjEifQ=="
        }
      ]
    },
    {
      "module": "module.aws-eks.module.ec2_instance",
      "mode": "managed",
      "type": "aws_instance",
      "name": "this",
      "provider": "provider[\"registry.terraform.io/hashicorp/aws\"]",
      "instances": [
        {
          "index_key": 0,
          "schema_version": 1,
          "attributes": {
            "ami": "ami-030e490c34394591b",
            "arn": "arn:aws:ec2:eu-central-1:632264215449:instance/i-0b664c3e1ec245464",
            "associate_public_ip_address": true,
            "availability_zone": "eu-central-1c",
            "capacity_reservation_specification": [
              {
                "capacity_reservation_preference": "open",
                "capacity_reservation_target": []
              }
            ],
            "cpu_core_count": 1,
            "cpu_threads_per_core": 1,
            "credit_specification": [
              {
                "cpu_credits": "standard"
              }
            ],
            "disable_api_termination": false,
            "ebs_block_device": [],
            "ebs_optimized": false,
            "enclave_options": [
              {
                "enabled": false
              }
            ],
            "ephemeral_block_device": [],
            "get_password_data": false,
            "hibernation": false,
            "host_id": null,
            "iam_instance_profile": "",
            "id": "i-0b664c3e1ec245464",
            "instance_initiated_shutdown_behavior": "stop",
            "instance_state": "running",
            "instance_type": "t2.micro",
            "ipv6_address_count": 0,
            "ipv6_addresses": [],
            "key_name": "zsapkagy-ec2-key",
            "launch_template": [],
            "metadata_options": [
              {
                "http_endpoint": "enabled",
                "http_put_response_hop_limit": 1,
                "http_tokens": "optional"
              }
            ],
            "monitoring": false,
            "network_interface": [],
            "outpost_arn": "",
            "password_data": "",
            "placement_group": "",
            "placement_partition_number": null,
            "primary_network_interface_id": "eni-06dc9268547985394",
            "private_dns": "ip-172-31-38-90.eu-central-1.compute.internal",
            "private_ip": "172.31.38.90",
            "public_dns": "ec2-18-194-243-136.eu-central-1.compute.amazonaws.com",
            "public_ip": "18.194.243.136",
            "root_block_device": [
              {
                "delete_on_termination": true,
                "device_name": "/dev/xvda",
                "encrypted": false,
                "iops": 100,
                "kms_key_id": "",
                "tags": {},
                "throughput": 0,
                "volume_id": "vol-02c449b583721eeb9",
                "volume_size": 8,
                "volume_type": "gp2"
              }
            ],
            "secondary_private_ips": [],
            "security_groups": [
              "aws-eks-sg-20211111181330907600000001"
            ],
            "source_dest_check": true,
            "subnet_id": "subnet-25122c6f",
            "tags": {
              "Content": "Kubectl, Github",
              "Name": "AWS - Kubernetes",
              "SSH": "true",
              "Target": "AWS",
              "Terraform": "true",
              "Type": "workplace"
            },
            "tags_all": {
              "Content": "Kubectl, Github",
              "Name": "AWS - Kubernetes",
              "SSH": "true",
              "Target": "AWS",
              "Terraform": "true",
              "Type": "workplace"
            },
            "tenancy": "default",
            "timeouts": {
              "create": null,
              "delete": null,
              "update": null
            },
            "user_data": null,
            "user_data_base64": null,
            "volume_tags": {
              "Name": "aws-eks-instance"
            },
            "vpc_security_group_ids": [
              "sg-0d72ea53217b8b799"
            ]
          },
          "sensitive_attributes": [],
          "private": "eyJlMmJmYjczMC1lY2FhLTExZTYtOGY4OC0zNDM2M2JjN2M0YzAiOnsiY3JlYXRlIjo2MDAwMDAwMDAwMDAsImRlbGV0ZSI6MTIwMDAwMDAwMDAwMCwidXBkYXRlIjo2MDAwMDAwMDAwMDB9LCJzY2hlbWFfdmVyc2lvbiI6IjEifQ==",
          "dependencies": [
            "module.aws-eks.aws_key_pair.access_key",
            "module.aws-eks.data.aws_ami.amazon_linux_2",
            "module.aws-eks.data.aws_vpc.default",
            "module.aws-eks.module.security_group.module.sg.aws_security_group.this",
            "module.aws-eks.module.security_group.module.sg.aws_security_group.this_name_prefix",
            "module.aws-eks.module.security_group.module.sg.aws_security_group_rule.computed_egress_rules",
            "module.aws-eks.module.security_group.module.sg.aws_security_group_rule.computed_egress_with_cidr_blocks",
            "module.aws-eks.module.security_group.module.sg.aws_security_group_rule.computed_egress_with_ipv6_cidr_blocks",
            "module.aws-eks.module.security_group.module.sg.aws_security_group_rule.computed_egress_with_self",
            "module.aws-eks.module.security_group.module.sg.aws_security_group_rule.computed_egress_with_source_security_group_id",
            "module.aws-eks.module.security_group.module.sg.aws_security_group_rule.computed_ingress_rules",
            "module.aws-eks.module.security_group.module.sg.aws_security_group_rule.computed_ingress_with_cidr_blocks",
            "module.aws-eks.module.security_group.module.sg.aws_security_group_rule.computed_ingress_with_ipv6_cidr_blocks",
            "module.aws-eks.module.security_group.module.sg.aws_security_group_rule.computed_ingress_with_self",
            "module.aws-eks.module.security_group.module.sg.aws_security_group_rule.computed_ingress_with_source_security_group_id",
            "module.aws-eks.module.security_group.module.sg.aws_security_group_rule.egress_rules",
            "module.aws-eks.module.security_group.module.sg.aws_security_group_rule.egress_with_cidr_blocks",
            "module.aws-eks.module.security_group.module.sg.aws_security_group_rule.egress_with_ipv6_cidr_blocks",
            "module.aws-eks.module.security_group.module.sg.aws_security_group_rule.egress_with_self",
            "module.aws-eks.module.security_group.module.sg.aws_security_group_rule.egress_with_source_security_group_id",
            "module.aws-eks.module.security_group.module.sg.aws_security_group_rule.ingress_rules",
            "module.aws-eks.module.security_group.module.sg.aws_security_group_rule.ingress_with_cidr_blocks",
            "module.aws-eks.module.security_group.module.sg.aws_security_group_rule.ingress_with_ipv6_cidr_blocks",
            "module.aws-eks.module.security_group.module.sg.aws_security_group_rule.ingress_with_self",
            "module.aws-eks.module.security_group.module.sg.aws_security_group_rule.ingress_with_source_security_group_id"
          ]
        }
      ]
    },
    {
      "module": "module.aws-eks.module.security_group.module.sg",
      "mode": "managed",
      "type": "aws_security_group",
      "name": "this_name_prefix",
      "provider": "provider[\"registry.terraform.io/hashicorp/aws\"]",
      "instances": [
        {
          "index_key": 0,
          "schema_version": 1,
          "attributes": {
            "arn": "arn:aws:ec2:eu-central-1:632264215449:security-group/sg-0d72ea53217b8b799",
            "description": "Security group for EC2 instances",
            "egress": [
              {
                "cidr_blocks": [
                  "0.0.0.0/0"
                ],
                "description": "All protocols",
                "from_port": 0,
                "ipv6_cidr_blocks": [
                  "::/0"
                ],
                "prefix_list_ids": [],
                "protocol": "-1",
                "security_groups": [],
                "self": false,
                "to_port": 0
              }
            ],
            "id": "sg-0d72ea53217b8b799",
            "ingress": [
              {
                "cidr_blocks": [
                  "0.0.0.0/0"
                ],
                "description": "SSH",
                "from_port": 22,
                "ipv6_cidr_blocks": [],
                "prefix_list_ids": [],
                "protocol": "tcp",
                "security_groups": [],
                "self": false,
                "to_port": 22
              },
              {
                "cidr_blocks": [],
                "description": "Ingress Rule",
                "from_port": 0,
                "ipv6_cidr_blocks": [],
                "prefix_list_ids": [],
                "protocol": "-1",
                "security_groups": [],
                "self": true,
                "to_port": 0
              }
            ],
            "name": "aws-eks-sg-20211111181330907600000001",
            "name_prefix": "aws-eks-sg-",
            "owner_id": "632264215449",
            "revoke_rules_on_delete": false,
            "tags": {
              "Name": "aws-eks-sg",
              "Type": "workplace"
            },
            "tags_all": {
              "Name": "aws-eks-sg",
              "Type": "workplace"
            },
            "timeouts": {
              "create": "10m",
              "delete": "15m"
            },
            "vpc_id": "vpc-f0995498"
          },
          "sensitive_attributes": [],
          "private": "eyJlMmJmYjczMC1lY2FhLTExZTYtOGY4OC0zNDM2M2JjN2M0YzAiOnsiY3JlYXRlIjo2MDAwMDAwMDAwMDAsImRlbGV0ZSI6OTAwMDAwMDAwMDAwfSwic2NoZW1hX3ZlcnNpb24iOiIxIn0=",
          "dependencies": [
            "module.aws-eks.data.aws_vpc.default"
          ],
          "create_before_destroy": true
        }
      ]
    },
    {
      "module": "module.aws-eks.module.security_group.module.sg",
      "mode": "managed",
      "type": "aws_security_group_rule",
      "name": "egress_rules",
      "provider": "provider[\"registry.terraform.io/hashicorp/aws\"]",
      "instances": [
        {
          "index_key": 0,
          "schema_version": 2,
          "attributes": {
            "cidr_blocks": [
              "0.0.0.0/0"
            ],
            "description": "All protocols",
            "from_port": 0,
            "id": "sgrule-3084545949",
            "ipv6_cidr_blocks": [
              "::/0"
            ],
            "prefix_list_ids": [],
            "protocol": "-1",
            "security_group_id": "sg-0d72ea53217b8b799",
            "self": false,
            "source_security_group_id": null,
            "to_port": 0,
            "type": "egress"
          },
          "sensitive_attributes": [],
          "private": "eyJzY2hlbWFfdmVyc2lvbiI6IjIifQ==",
          "dependencies": [
            "module.aws-eks.data.aws_vpc.default",
            "module.aws-eks.module.security_group.module.sg.aws_security_group.this",
            "module.aws-eks.module.security_group.module.sg.aws_security_group.this_name_prefix"
          ]
        }
      ]
    },
    {
      "module": "module.aws-eks.module.security_group.module.sg",
      "mode": "managed",
      "type": "aws_security_group_rule",
      "name": "ingress_rules",
      "provider": "provider[\"registry.terraform.io/hashicorp/aws\"]",
      "instances": [
        {
          "index_key": 0,
          "schema_version": 2,
          "attributes": {
            "cidr_blocks": [
              "0.0.0.0/0"
            ],
            "description": "SSH",
            "from_port": 22,
            "id": "sgrule-3139417452",
            "ipv6_cidr_blocks": [],
            "prefix_list_ids": [],
            "protocol": "tcp",
            "security_group_id": "sg-0d72ea53217b8b799",
            "self": false,
            "source_security_group_id": null,
            "to_port": 22,
            "type": "ingress"
          },
          "sensitive_attributes": [],
          "private": "eyJzY2hlbWFfdmVyc2lvbiI6IjIifQ==",
          "dependencies": [
            "module.aws-eks.data.aws_vpc.default",
            "module.aws-eks.module.security_group.module.sg.aws_security_group.this",
            "module.aws-eks.module.security_group.module.sg.aws_security_group.this_name_prefix"
          ]
        }
      ]
    },
    {
      "module": "module.aws-eks.module.security_group.module.sg",
      "mode": "managed",
      "type": "aws_security_group_rule",
      "name": "ingress_with_self",
      "provider": "provider[\"registry.terraform.io/hashicorp/aws\"]",
      "instances": [
        {
          "index_key": 0,
          "schema_version": 2,
          "attributes": {
            "cidr_blocks": [],
            "description": "Ingress Rule",
            "from_port": 0,
            "id": "sgrule-3512694955",
            "ipv6_cidr_blocks": [],
            "prefix_list_ids": [],
            "protocol": "-1",
            "security_group_id": "sg-0d72ea53217b8b799",
            "self": true,
            "source_security_group_id": "sg-0d72ea53217b8b799",
            "to_port": 0,
            "type": "ingress"
          },
          "sensitive_attributes": [],
          "private": "eyJzY2hlbWFfdmVyc2lvbiI6IjIifQ==",
          "dependencies": [
            "module.aws-eks.data.aws_vpc.default",
            "module.aws-eks.module.security_group.module.sg.aws_security_group.this",
            "module.aws-eks.module.security_group.module.sg.aws_security_group.this_name_prefix"
          ]
        }
      ]
    }
  ]
}
